
Microsoft Visual Studio Solution File, Format Version 12.00
# Visual Studio Version 17
VisualStudioVersion = 17.7.34202.233
MinimumVisualStudioVersion = 10.0.40219.1
Project("{FAE04EC0-301F-11D3-BF4B-00C04F79EFBC}") = "SpireSCP.GUI", "SpireSCP.GUI\SpireSCP.GUI.csproj", "{DA104E1F-D4AF-473B-9A99-539E1D422ECD}"
EndProject
Global
	GlobalSection(SolutionConfigurationPlatforms) = preSolution
		Debug|Any CPU = Debug|Any CPU
		Release|Any CPU = Release|Any CPU
	EndGlobalSection
	GlobalSection(ProjectConfigurationPlatforms) = postSolution
		{DA104E1F-D4AF-473B-9A99-539E1D422ECD}.Debug|Any CPU.ActiveCfg = Debug|Any CPU
		{DA104E1F-D4AF-473B-9A99-539E1D422ECD}.Debug|Any CPU.Build.0 = Debug|Any CPU
		{DA104E1F-D4AF-473B-9A99-539E1D422ECD}.Release|Any CPU.ActiveCfg = Release|Any CPU
		{DA104E1F-D4AF-473B-9A99-539E1D422ECD}.Release|Any CPU.Build.0 = Release|Any CPU
	EndGlobalSection
	GlobalSection(SolutionProperties) = preSolution
		HideSolutionNode = FALSE
	EndGlobalSection
	GlobalSection(ExtensibilityGlobals) = postSolution
		SolutionGuid = {FFC98929-54C7-4F6C-8A2E-BA4ACEDE999F}
	EndGlobalSection
EndGlobal
